{
	"name": "svelte-app",
	"version": "1.0.0",
	"lockfileVersion": 2,
	"requires": true,
	"packages": {
		"": {
			"name": "svelte-app",
			"version": "1.0.0",
			"devDependencies": {
				"@tsconfig/svelte": "^2.0.1",
				"esbuild": "^0.12.12",
				"esbuild-svelte": "^0.5.1",
				"svelte-preprocess": "^4.7.3",
				"typescript": "^4.3.4"
			}
		},
		"node_modules/@tsconfig/svelte": {
			"version": "2.0.1",
			"resolved": "https://registry.npmjs.org/@tsconfig/svelte/-/svelte-2.0.1.tgz",
			"integrity": "sha512-aqkICXbM1oX5FfgZd2qSSAGdyo/NRxjWCamxoyi3T8iVQnzGge19HhDYzZ6NrVOW7bhcWNSq9XexWFtMzbB24A==",
			"dev": true,
			"license": "MIT"
		},
		"node_modules/@types/node": {
			"version": "15.12.5",
			"resolved": "https://registry.npmjs.org/@types/node/-/node-15.12.5.tgz",
			"integrity": "sha512-se3yX7UHv5Bscf8f1ERKvQOD6sTyycH3hdaoozvaLxgUiY5lIGEeH37AD0G0Qi9kPqihPn0HOfd2yaIEN9VwEg==",
			"dev": true
		},
		"node_modules/@types/pug": {
			"version": "2.0.4",
			"resolved": "https://registry.npmjs.org/@types/pug/-/pug-2.0.4.tgz",
			"integrity": "sha1-h3L80EGOPNLMFxVV1zAHQVBR9LI=",
			"dev": true
		},
		"node_modules/@types/sass": {
			"version": "1.16.0",
			"resolved": "https://registry.npmjs.org/@types/sass/-/sass-1.16.0.tgz",
			"integrity": "sha512-2XZovu4NwcqmtZtsBR5XYLw18T8cBCnU2USFHTnYLLHz9fkhnoEMoDsqShJIOFsFhn5aJHjweiUUdTrDGujegA==",
			"dev": true,
			"dependencies": {
				"@types/node": "*"
			}
		},
		"node_modules/detect-indent": {
			"version": "6.1.0",
			"resolved": "https://registry.npmjs.org/detect-indent/-/detect-indent-6.1.0.tgz",
			"integrity": "sha512-reYkTUJAZb9gUuZ2RvVCNhVHdg62RHnJ7WJl8ftMi4diZ6NWlciOzQN88pUhSELEwflJht4oQDv0F0BMlwaYtA==",
			"dev": true,
			"engines": {
				"node": ">=8"
			}
		},
		"node_modules/esbuild": {
			"version": "0.12.12",
			"resolved": "https://registry.npmjs.org/esbuild/-/esbuild-0.12.12.tgz",
			"integrity": "sha512-fdB/8HRg9u95Zi4/qV+osrfzpvLzubFKUr8SkZf/kUKImLiX61Y7qBzV14FCKphFk7YoXWY85nbPGkI6pq+Zeg==",
			"dev": true,
			"hasInstallScript": true,
			"bin": {
				"esbuild": "bin/esbuild"
			}
		},
		"node_modules/esbuild-svelte": {
			"version": "0.5.1",
			"resolved": "https://registry.npmjs.org/esbuild-svelte/-/esbuild-svelte-0.5.1.tgz",
			"integrity": "sha512-df22x5t0zVjp/NVvFK5pF17U6C4A/2Ce1uE6oxk1Y081unR17/9PTZ/kVLlUDH4bgS7rlpFOULVqkawRFrM53w==",
			"dev": true,
			"dependencies": {
				"svelte": "^3.38.2"
			},
			"peerDependencies": {
				"esbuild": ">=0.9.6"
			}
		},
		"node_modules/min-indent": {
			"version": "1.0.1",
			"resolved": "https://registry.npmjs.org/min-indent/-/min-indent-1.0.1.tgz",
			"integrity": "sha512-I9jwMn07Sy/IwOj3zVkVik2JTvgpaykDZEigL6Rx6N9LbMywwUSMtxET+7lVoDLLd3O3IXwJwvuuns8UB/HeAg==",
			"dev": true,
			"engines": {
				"node": ">=4"
			}
		},
		"node_modules/strip-indent": {
			"version": "3.0.0",
			"resolved": "https://registry.npmjs.org/strip-indent/-/strip-indent-3.0.0.tgz",
			"integrity": "sha512-laJTa3Jb+VQpaC6DseHhF7dXVqHTfJPCRDaEbid/drOhgitgYku/letMUqOXFoWV0zIIUbjpdH2t+tYj4bQMRQ==",
			"dev": true,
			"dependencies": {
				"min-indent": "^1.0.0"
			},
			"engines": {
				"node": ">=8"
			}
		},
		"node_modules/svelte": {
			"version": "3.38.3",
			"resolved": "https://registry.npmjs.org/svelte/-/svelte-3.38.3.tgz",
			"integrity": "sha512-N7bBZJH0iF24wsalFZF+fVYMUOigaAUQMIcEKHO3jstK/iL8VmP9xE+P0/a76+FkNcWt+TDv2Gx1taUoUscrvw==",
			"dev": true,
			"engines": {
				"node": ">= 8"
			}
		},
		"node_modules/svelte-preprocess": {
			"version": "4.7.3",
			"resolved": "https://registry.npmjs.org/svelte-preprocess/-/svelte-preprocess-4.7.3.tgz",
			"integrity": "sha512-Zx1/xLeGOIBlZMGPRCaXtlMe4ZA0faato5Dc3CosEqwu75MIEPuOstdkH6cy+RYTUYynoxzNaDxkPX4DbrPwRA==",
			"dev": true,
			"hasInstallScript": true,
			"dependencies": {
				"@types/pug": "^2.0.4",
				"@types/sass": "^1.16.0",
				"detect-indent": "^6.0.0",
				"strip-indent": "^3.0.0"
			},
			"engines": {
				"node": ">= 9.11.2"
			},
			"peerDependencies": {
				"@babel/core": "^7.10.2",
				"coffeescript": "^2.5.1",
				"less": "^3.11.3",
				"postcss": "^7 || ^8",
				"postcss-load-config": "^2.1.0 || ^3.0.0",
				"pug": "^3.0.0",
				"sass": "^1.26.8",
				"stylus": "^0.54.7",
				"sugarss": "^2.0.0",
				"svelte": "^3.23.0",
				"typescript": "^3.9.5 || ^4.0.0"
			},
			"peerDependenciesMeta": {
				"@babel/core": {
					"optional": true
				},
				"coffeescript": {
					"optional": true
				},
				"less": {
					"optional": true
				},
				"node-sass": {
					"optional": true
				},
				"postcss": {
					"optional": true
				},
				"postcss-load-config": {
					"optional": true
				},
				"pug": {
					"optional": true
				},
				"sass": {
					"optional": true
				},
				"stylus": {
					"optional": true
				},
				"sugarss": {
					"optional": true
				},
				"typescript": {
					"optional": true
				}
			}
		},
		"node_modules/typescript": {
			"version": "4.3.4",
			"resolved": "https://registry.npmjs.org/typescript/-/typescript-4.3.4.tgz",
			"integrity": "sha512-uauPG7XZn9F/mo+7MrsRjyvbxFpzemRjKEZXS4AK83oP2KKOJPvb+9cO/gmnv8arWZvhnjVOXz7B49m1l0e9Ew==",
			"dev": true,
			"bin": {
				"tsc": "bin/tsc",
				"tsserver": "bin/tsserver"
			},
			"engines": {
				"node": ">=4.2.0"
			}
		}
	},
	"dependencies": {
		"@tsconfig/svelte": {
			"version": "2.0.1",
			"resolved": "https://registry.npmjs.org/@tsconfig/svelte/-/svelte-2.0.1.tgz",
			"integrity": "sha512-aqkICXbM1oX5FfgZd2qSSAGdyo/NRxjWCamxoyi3T8iVQnzGge19HhDYzZ6NrVOW7bhcWNSq9XexWFtMzbB24A==",
			"dev": true
		},
		"@types/node": {
			"version": "15.12.5",
			"resolved": "https://registry.npmjs.org/@types/node/-/node-15.12.5.tgz",
			"integrity": "sha512-se3yX7UHv5Bscf8f1ERKvQOD6sTyycH3hdaoozvaLxgUiY5lIGEeH37AD0G0Qi9kPqihPn0HOfd2yaIEN9VwEg==",
			"dev": true
		},
		"@types/pug": {
			"version": "2.0.4",
			"resolved": "https://registry.npmjs.org/@types/pug/-/pug-2.0.4.tgz",
			"integrity": "sha1-h3L80EGOPNLMFxVV1zAHQVBR9LI=",
			"dev": true
		},
		"@types/sass": {
			"version": "1.16.0",
			"resolved": "https://registry.npmjs.org/@types/sass/-/sass-1.16.0.tgz",
			"integrity": "sha512-2XZovu4NwcqmtZtsBR5XYLw18T8cBCnU2USFHTnYLLHz9fkhnoEMoDsqShJIOFsFhn5aJHjweiUUdTrDGujegA==",
			"dev": true,
			"requires": {
				"@types/node": "*"
			}
		},
		"detect-indent": {
			"version": "6.1.0",
			"resolved": "https://registry.npmjs.org/detect-indent/-/detect-indent-6.1.0.tgz",
			"integrity": "sha512-reYkTUJAZb9gUuZ2RvVCNhVHdg62RHnJ7WJl8ftMi4diZ6NWlciOzQN88pUhSELEwflJht4oQDv0F0BMlwaYtA==",
			"dev": true
		},
		"esbuild": {
			"version": "0.12.12",
			"resolved": "https://registry.npmjs.org/esbuild/-/esbuild-0.12.12.tgz",
			"integrity": "sha512-fdB/8HRg9u95Zi4/qV+osrfzpvLzubFKUr8SkZf/kUKImLiX61Y7qBzV14FCKphFk7YoXWY85nbPGkI6pq+Zeg==",
			"dev": true
		},
		"esbuild-svelte": {
			"version": "0.5.1",
			"resolved": "https://registry.npmjs.org/esbuild-svelte/-/esbuild-svelte-0.5.1.tgz",
			"integrity": "sha512-df22x5t0zVjp/NVvFK5pF17U6C4A/2Ce1uE6oxk1Y081unR17/9PTZ/kVLlUDH4bgS7rlpFOULVqkawRFrM53w==",
			"dev": true,
			"requires": {
				"svelte": "^3.38.2"
			}
		},
		"min-indent": {
			"version": "1.0.1",
			"resolved": "https://registry.npmjs.org/min-indent/-/min-indent-1.0.1.tgz",
			"integrity": "sha512-I9jwMn07Sy/IwOj3zVkVik2JTvgpaykDZEigL6Rx6N9LbMywwUSMtxET+7lVoDLLd3O3IXwJwvuuns8UB/HeAg==",
			"dev": true
		},
		"strip-indent": {
			"version": "3.0.0",
			"resolved": "https://registry.npmjs.org/strip-indent/-/strip-indent-3.0.0.tgz",
			"integrity": "sha512-laJTa3Jb+VQpaC6DseHhF7dXVqHTfJPCRDaEbid/drOhgitgYku/letMUqOXFoWV0zIIUbjpdH2t+tYj4bQMRQ==",
			"dev": true,
			"requires": {
				"min-indent": "^1.0.0"
			}
		},
		"svelte": {
			"version": "3.38.3",
			"resolved": "https://registry.npmjs.org/svelte/-/svelte-3.38.3.tgz",
			"integrity": "sha512-N7bBZJH0iF24wsalFZF+fVYMUOigaAUQMIcEKHO3jstK/iL8VmP9xE+P0/a76+FkNcWt+TDv2Gx1taUoUscrvw==",
			"dev": true
		},
		"svelte-preprocess": {
			"version": "4.7.3",
			"resolved": "https://registry.npmjs.org/svelte-preprocess/-/svelte-preprocess-4.7.3.tgz",
			"integrity": "sha512-Zx1/xLeGOIBlZMGPRCaXtlMe4ZA0faato5Dc3CosEqwu75MIEPuOstdkH6cy+RYTUYynoxzNaDxkPX4DbrPwRA==",
			"dev": true,
			"requires": {
				"@types/pug": "^2.0.4",
				"@types/sass": "^1.16.0",
				"detect-indent": "^6.0.0",
				"strip-indent": "^3.0.0"
			}
		},
		"typescript": {
			"version": "4.3.4",
			"resolved": "https://registry.npmjs.org/typescript/-/typescript-4.3.4.tgz",
			"integrity": "sha512-uauPG7XZn9F/mo+7MrsRjyvbxFpzemRjKEZXS4AK83oP2KKOJPvb+9cO/gmnv8arWZvhnjVOXz7B49m1l0e9Ew==",
			"dev": true
		}
	}
}
